// !$*UTF8*$!
{
	archiveVersion = 1;
	classes = {
	};
	objectVersion = 46;
	objects = {

/* Begin PBXAggregateTarget section */
		E26229A41C26BEB200101017 /* mogenerator */ = {
			isa = PBXAggregateTarget;
			buildConfigurationList = E26229A51C26BEB200101017 /* Build configuration list for PBXAggregateTarget "mogenerator" */;
			buildPhases = (
				E26229A81C26BFF800101017 /* ShellScript */,
			);
			dependencies = (
			);
			name = mogenerator;
			productName = mogenerator;
		};
/* End PBXAggregateTarget section */

/* Begin PBXBuildFile section */
		C9E0CCB19F884D7C7FC8AFED /* libPods-openweather.a in Frameworks */ = {isa = PBXBuildFile; fileRef = 4F1BA4673EEB777C3DF02FC5 /* libPods-openweather.a */; };
		D0A2077BAD3D4FBC15817170 /* libPods-openweatherTests.a in Frameworks */ = {isa = PBXBuildFile; fileRef = AE24B16A08DACC04B848F6C1 /* libPods-openweatherTests.a */; };
		E210CB471C24339C002B7B2A /* OWMWebServiceClient.m in Sources */ = {isa = PBXBuildFile; fileRef = E210CB461C24339C002B7B2A /* OWMWebServiceClient.m */; };
		E210CB4B1C243BB0002B7B2A /* OWMWebServiceRequestSerializer.m in Sources */ = {isa = PBXBuildFile; fileRef = E210CB4A1C243BB0002B7B2A /* OWMWebServiceRequestSerializer.m */; };
		E210CB4E1C244599002B7B2A /* NSError+OWMErrors.m in Sources */ = {isa = PBXBuildFile; fileRef = E210CB4D1C244599002B7B2A /* NSError+OWMErrors.m */; };
		E210CB511C246165002B7B2A /* OWMWebServiceTests.m in Sources */ = {isa = PBXBuildFile; fileRef = E210CB501C246165002B7B2A /* OWMWebServiceTests.m */; };
		E210CB571C248276002B7B2A /* openweather.xcdatamodeld in Sources */ = {isa = PBXBuildFile; fileRef = E210CB551C248276002B7B2A /* openweather.xcdatamodeld */; };
		E26229B11C26C16A00101017 /* _ActualWeatherManaged.m in Sources */ = {isa = PBXBuildFile; fileRef = E26229AA1C26C16A00101017 /* _ActualWeatherManaged.m */; };
		E26229B21C26C16A00101017 /* _ForecastManaged.m in Sources */ = {isa = PBXBuildFile; fileRef = E26229AC1C26C16A00101017 /* _ForecastManaged.m */; };
		E26229B31C26C16A00101017 /* ActualWeatherManaged.m in Sources */ = {isa = PBXBuildFile; fileRef = E26229AE1C26C16A00101017 /* ActualWeatherManaged.m */; };
		E26229B41C26C16A00101017 /* ForecastManaged.m in Sources */ = {isa = PBXBuildFile; fileRef = E26229B01C26C16A00101017 /* ForecastManaged.m */; };
		E26EA7D11C26F76A00B58009 /* ActualWeather.m in Sources */ = {isa = PBXBuildFile; fileRef = E26EA7D01C26F76A00B58009 /* ActualWeather.m */; };
		E26EA7D41C26F77500B58009 /* Forecast.m in Sources */ = {isa = PBXBuildFile; fileRef = E26EA7D31C26F77500B58009 /* Forecast.m */; };
		E26EA7D81C26FCA800B58009 /* CoreDataStore.m in Sources */ = {isa = PBXBuildFile; fileRef = E26EA7D71C26FCA800B58009 /* CoreDataStore.m */; };
		E26EA7E81C270FEE00B58009 /* AppDependencies.m in Sources */ = {isa = PBXBuildFile; fileRef = E26EA7E71C270FEE00B58009 /* AppDependencies.m */; };
		E26EA7EE1C27137D00B58009 /* ActualWeatherInteractor.m in Sources */ = {isa = PBXBuildFile; fileRef = E26EA7ED1C27137D00B58009 /* ActualWeatherInteractor.m */; };
		E26EA7F11C2714BA00B58009 /* ActualWeatherDataManager.m in Sources */ = {isa = PBXBuildFile; fileRef = E26EA7F01C2714BA00B58009 /* ActualWeatherDataManager.m */; };
		E26EA7F41C272CEB00B58009 /* ActualWeatherMapper.m in Sources */ = {isa = PBXBuildFile; fileRef = E26EA7F31C272CEB00B58009 /* ActualWeatherMapper.m */; };
		E26EA7F91C27744C00B58009 /* ActualWeatherPresenter.m in Sources */ = {isa = PBXBuildFile; fileRef = E26EA7F81C27744C00B58009 /* ActualWeatherPresenter.m */; };
		E26EA7FD1C27750C00B58009 /* ActualWeatherViewController.m in Sources */ = {isa = PBXBuildFile; fileRef = E26EA7FC1C27750C00B58009 /* ActualWeatherViewController.m */; };
		E26EA8001C27756C00B58009 /* ActualWeatherWireframe.m in Sources */ = {isa = PBXBuildFile; fileRef = E26EA7FF1C27756C00B58009 /* ActualWeatherWireframe.m */; };
		E2D8D22D1C2791AD00312511 /* CoreLocationHelper.m in Sources */ = {isa = PBXBuildFile; fileRef = E2D8D22C1C2791AD00312511 /* CoreLocationHelper.m */; };
		E2ED91071C21869900DE48BA /* main.m in Sources */ = {isa = PBXBuildFile; fileRef = E2ED91061C21869900DE48BA /* main.m */; };
		E2ED910A1C21869900DE48BA /* AppDelegate.m in Sources */ = {isa = PBXBuildFile; fileRef = E2ED91091C21869900DE48BA /* AppDelegate.m */; };
		E2ED91101C21869900DE48BA /* Main.storyboard in Resources */ = {isa = PBXBuildFile; fileRef = E2ED910E1C21869900DE48BA /* Main.storyboard */; };
		E2ED91121C21869900DE48BA /* Assets.xcassets in Resources */ = {isa = PBXBuildFile; fileRef = E2ED91111C21869900DE48BA /* Assets.xcassets */; };
		E2ED91151C21869900DE48BA /* LaunchScreen.storyboard in Resources */ = {isa = PBXBuildFile; fileRef = E2ED91131C21869900DE48BA /* LaunchScreen.storyboard */; };
		E2ED912B1C21869A00DE48BA /* openweatherUITests.m in Sources */ = {isa = PBXBuildFile; fileRef = E2ED912A1C21869A00DE48BA /* openweatherUITests.m */; };
		E2ED91401C22BA5300DE48BA /* JSONActualWeather.m in Sources */ = {isa = PBXBuildFile; fileRef = E2ED913F1C22BA5300DE48BA /* JSONActualWeather.m */; };
		E2ED91431C22C56600DE48BA /* JSONWeatherData.m in Sources */ = {isa = PBXBuildFile; fileRef = E2ED91421C22C56600DE48BA /* JSONWeatherData.m */; };
		E2ED91461C22C6A300DE48BA /* JSONCity.m in Sources */ = {isa = PBXBuildFile; fileRef = E2ED91451C22C6A300DE48BA /* JSONCity.m */; };
		E2ED91491C22C77800DE48BA /* JSONForecast.m in Sources */ = {isa = PBXBuildFile; fileRef = E2ED91481C22C77800DE48BA /* JSONForecast.m */; };
		E2ED91531C22DB5500DE48BA /* JSONParser.m in Sources */ = {isa = PBXBuildFile; fileRef = E2ED91521C22DB5500DE48BA /* JSONParser.m */; };
		E2ED91591C231DDB00DE48BA /* JSONParserTests.m in Sources */ = {isa = PBXBuildFile; fileRef = E2ED91581C231DDB00DE48BA /* JSONParserTests.m */; };
		E2ED91601C231EEE00DE48BA /* StubFileUtil.m in Sources */ = {isa = PBXBuildFile; fileRef = E2ED915F1C231EEE00DE48BA /* StubFileUtil.m */; };
		E2ED91621C23216700DE48BA /* ActualWeatherStubComplete.json in Resources */ = {isa = PBXBuildFile; fileRef = E2ED91611C23216700DE48BA /* ActualWeatherStubComplete.json */; };
		E2ED91651C236B1800DE48BA /* Forecast5DaysStub.json in Resources */ = {isa = PBXBuildFile; fileRef = E2ED91641C236B1800DE48BA /* Forecast5DaysStub.json */; };
		E2ED91671C236B5300DE48BA /* Forecast16DaysStub.json in Resources */ = {isa = PBXBuildFile; fileRef = E2ED91661C236B5300DE48BA /* Forecast16DaysStub.json */; };
/* End PBXBuildFile section */

/* Begin PBXContainerItemProxy section */
		E2ED911C1C21869A00DE48BA /* PBXContainerItemProxy */ = {
			isa = PBXContainerItemProxy;
			containerPortal = E2ED90FA1C21869900DE48BA /* Project object */;
			proxyType = 1;
			remoteGlobalIDString = E2ED91011C21869900DE48BA;
			remoteInfo = openweather;
		};
		E2ED91271C21869A00DE48BA /* PBXContainerItemProxy */ = {
			isa = PBXContainerItemProxy;
			containerPortal = E2ED90FA1C21869900DE48BA /* Project object */;
			proxyType = 1;
			remoteGlobalIDString = E2ED91011C21869900DE48BA;
			remoteInfo = openweather;
		};
/* End PBXContainerItemProxy section */

/* Begin PBXFileReference section */
		0183BDEA203FEBC58FD24A5F /* Pods-openweather.debug.xcconfig */ = {isa = PBXFileReference; includeInIndex = 1; lastKnownFileType = text.xcconfig; name = "Pods-openweather.debug.xcconfig"; path = "Pods/Target Support Files/Pods-openweather/Pods-openweather.debug.xcconfig"; sourceTree = "<group>"; };
		4F1BA4673EEB777C3DF02FC5 /* libPods-openweather.a */ = {isa = PBXFileReference; explicitFileType = archive.ar; includeInIndex = 0; path = "libPods-openweather.a"; sourceTree = BUILT_PRODUCTS_DIR; };
		6064326349D794B342EA30EE /* Pods.debug.xcconfig */ = {isa = PBXFileReference; includeInIndex = 1; lastKnownFileType = text.xcconfig; name = Pods.debug.xcconfig; path = "Pods/Target Support Files/Pods/Pods.debug.xcconfig"; sourceTree = "<group>"; };
		72C5588175FC981FA511CED6 /* Pods-openweatherTests.release.xcconfig */ = {isa = PBXFileReference; includeInIndex = 1; lastKnownFileType = text.xcconfig; name = "Pods-openweatherTests.release.xcconfig"; path = "Pods/Target Support Files/Pods-openweatherTests/Pods-openweatherTests.release.xcconfig"; sourceTree = "<group>"; };
		7D37C43C2ED8BD1DEDE50636 /* Pods-openweather.release.xcconfig */ = {isa = PBXFileReference; includeInIndex = 1; lastKnownFileType = text.xcconfig; name = "Pods-openweather.release.xcconfig"; path = "Pods/Target Support Files/Pods-openweather/Pods-openweather.release.xcconfig"; sourceTree = "<group>"; };
		ADFB0C5A4654417B5CC52896 /* libPods.a */ = {isa = PBXFileReference; explicitFileType = archive.ar; includeInIndex = 0; path = libPods.a; sourceTree = BUILT_PRODUCTS_DIR; };
		AE24B16A08DACC04B848F6C1 /* libPods-openweatherTests.a */ = {isa = PBXFileReference; explicitFileType = archive.ar; includeInIndex = 0; path = "libPods-openweatherTests.a"; sourceTree = BUILT_PRODUCTS_DIR; };
		D37B60F5CD241D072A47277C /* Pods.release.xcconfig */ = {isa = PBXFileReference; includeInIndex = 1; lastKnownFileType = text.xcconfig; name = Pods.release.xcconfig; path = "Pods/Target Support Files/Pods/Pods.release.xcconfig"; sourceTree = "<group>"; };
		E210CB451C24339C002B7B2A /* OWMWebServiceClient.h */ = {isa = PBXFileReference; fileEncoding = 4; lastKnownFileType = sourcecode.c.h; path = OWMWebServiceClient.h; sourceTree = "<group>"; };
		E210CB461C24339C002B7B2A /* OWMWebServiceClient.m */ = {isa = PBXFileReference; fileEncoding = 4; lastKnownFileType = sourcecode.c.objc; path = OWMWebServiceClient.m; sourceTree = "<group>"; };
		E210CB481C243B30002B7B2A /* OWMWebServiceConstants.h */ = {isa = PBXFileReference; lastKnownFileType = sourcecode.c.h; path = OWMWebServiceConstants.h; sourceTree = "<group>"; };
		E210CB491C243BB0002B7B2A /* OWMWebServiceRequestSerializer.h */ = {isa = PBXFileReference; fileEncoding = 4; lastKnownFileType = sourcecode.c.h; path = OWMWebServiceRequestSerializer.h; sourceTree = "<group>"; };
		E210CB4A1C243BB0002B7B2A /* OWMWebServiceRequestSerializer.m */ = {isa = PBXFileReference; fileEncoding = 4; lastKnownFileType = sourcecode.c.objc; path = OWMWebServiceRequestSerializer.m; sourceTree = "<group>"; };
		E210CB4C1C244599002B7B2A /* NSError+OWMErrors.h */ = {isa = PBXFileReference; fileEncoding = 4; lastKnownFileType = sourcecode.c.h; path = "NSError+OWMErrors.h"; sourceTree = "<group>"; };
		E210CB4D1C244599002B7B2A /* NSError+OWMErrors.m */ = {isa = PBXFileReference; fileEncoding = 4; lastKnownFileType = sourcecode.c.objc; path = "NSError+OWMErrors.m"; sourceTree = "<group>"; };
		E210CB4F1C24547E002B7B2A /* OWMNetworkingErrors.h */ = {isa = PBXFileReference; lastKnownFileType = sourcecode.c.h; path = OWMNetworkingErrors.h; sourceTree = "<group>"; };
		E210CB501C246165002B7B2A /* OWMWebServiceTests.m */ = {isa = PBXFileReference; fileEncoding = 4; lastKnownFileType = sourcecode.c.objc; path = OWMWebServiceTests.m; sourceTree = "<group>"; };
		E210CB561C248276002B7B2A /* openweather.xcdatamodel */ = {isa = PBXFileReference; lastKnownFileType = wrapper.xcdatamodel; path = openweather.xcdatamodel; sourceTree = "<group>"; };
		E26229A91C26C16A00101017 /* _ActualWeatherManaged.h */ = {isa = PBXFileReference; fileEncoding = 4; lastKnownFileType = sourcecode.c.h; path = _ActualWeatherManaged.h; sourceTree = "<group>"; };
		E26229AA1C26C16A00101017 /* _ActualWeatherManaged.m */ = {isa = PBXFileReference; fileEncoding = 4; lastKnownFileType = sourcecode.c.objc; path = _ActualWeatherManaged.m; sourceTree = "<group>"; };
		E26229AB1C26C16A00101017 /* _ForecastManaged.h */ = {isa = PBXFileReference; fileEncoding = 4; lastKnownFileType = sourcecode.c.h; path = _ForecastManaged.h; sourceTree = "<group>"; };
		E26229AC1C26C16A00101017 /* _ForecastManaged.m */ = {isa = PBXFileReference; fileEncoding = 4; lastKnownFileType = sourcecode.c.objc; path = _ForecastManaged.m; sourceTree = "<group>"; };
		E26229AD1C26C16A00101017 /* ActualWeatherManaged.h */ = {isa = PBXFileReference; fileEncoding = 4; lastKnownFileType = sourcecode.c.h; path = ActualWeatherManaged.h; sourceTree = "<group>"; };
		E26229AE1C26C16A00101017 /* ActualWeatherManaged.m */ = {isa = PBXFileReference; fileEncoding = 4; lastKnownFileType = sourcecode.c.objc; path = ActualWeatherManaged.m; sourceTree = "<group>"; };
		E26229AF1C26C16A00101017 /* ForecastManaged.h */ = {isa = PBXFileReference; fileEncoding = 4; lastKnownFileType = sourcecode.c.h; path = ForecastManaged.h; sourceTree = "<group>"; };
		E26229B01C26C16A00101017 /* ForecastManaged.m */ = {isa = PBXFileReference; fileEncoding = 4; lastKnownFileType = sourcecode.c.objc; path = ForecastManaged.m; sourceTree = "<group>"; };
		E26EA7CF1C26F76A00B58009 /* ActualWeather.h */ = {isa = PBXFileReference; fileEncoding = 4; lastKnownFileType = sourcecode.c.h; path = ActualWeather.h; sourceTree = "<group>"; };
		E26EA7D01C26F76A00B58009 /* ActualWeather.m */ = {isa = PBXFileReference; fileEncoding = 4; lastKnownFileType = sourcecode.c.objc; path = ActualWeather.m; sourceTree = "<group>"; };
		E26EA7D21C26F77500B58009 /* Forecast.h */ = {isa = PBXFileReference; fileEncoding = 4; lastKnownFileType = sourcecode.c.h; path = Forecast.h; sourceTree = "<group>"; };
		E26EA7D31C26F77500B58009 /* Forecast.m */ = {isa = PBXFileReference; fileEncoding = 4; lastKnownFileType = sourcecode.c.objc; path = Forecast.m; sourceTree = "<group>"; };
		E26EA7D51C26F81400B58009 /* DataStoreProtocol.h */ = {isa = PBXFileReference; fileEncoding = 4; lastKnownFileType = sourcecode.c.h; path = DataStoreProtocol.h; sourceTree = "<group>"; };
		E26EA7D61C26FCA800B58009 /* CoreDataStore.h */ = {isa = PBXFileReference; fileEncoding = 4; lastKnownFileType = sourcecode.c.h; path = CoreDataStore.h; sourceTree = "<group>"; };
		E26EA7D71C26FCA800B58009 /* CoreDataStore.m */ = {isa = PBXFileReference; fileEncoding = 4; lastKnownFileType = sourcecode.c.objc; path = CoreDataStore.m; sourceTree = "<group>"; };
		E26EA7DC1C2705CA00B58009 /* CoreDataStoreErrors.h */ = {isa = PBXFileReference; lastKnownFileType = sourcecode.c.h; path = CoreDataStoreErrors.h; sourceTree = "<group>"; };
		E26EA7E61C270FEE00B58009 /* AppDependencies.h */ = {isa = PBXFileReference; fileEncoding = 4; lastKnownFileType = sourcecode.c.h; path = AppDependencies.h; sourceTree = "<group>"; };
		E26EA7E71C270FEE00B58009 /* AppDependencies.m */ = {isa = PBXFileReference; fileEncoding = 4; lastKnownFileType = sourcecode.c.objc; path = AppDependencies.m; sourceTree = "<group>"; };
		E26EA7EA1C27127000B58009 /* ActualWeatherInteractorIO.h */ = {isa = PBXFileReference; fileEncoding = 4; lastKnownFileType = sourcecode.c.h; path = ActualWeatherInteractorIO.h; sourceTree = "<group>"; };
		E26EA7EC1C27137D00B58009 /* ActualWeatherInteractor.h */ = {isa = PBXFileReference; fileEncoding = 4; lastKnownFileType = sourcecode.c.h; path = ActualWeatherInteractor.h; sourceTree = "<group>"; };
		E26EA7ED1C27137D00B58009 /* ActualWeatherInteractor.m */ = {isa = PBXFileReference; fileEncoding = 4; lastKnownFileType = sourcecode.c.objc; path = ActualWeatherInteractor.m; sourceTree = "<group>"; };
		E26EA7EF1C2714BA00B58009 /* ActualWeatherDataManager.h */ = {isa = PBXFileReference; fileEncoding = 4; lastKnownFileType = sourcecode.c.h; path = ActualWeatherDataManager.h; sourceTree = "<group>"; };
		E26EA7F01C2714BA00B58009 /* ActualWeatherDataManager.m */ = {isa = PBXFileReference; fileEncoding = 4; lastKnownFileType = sourcecode.c.objc; path = ActualWeatherDataManager.m; sourceTree = "<group>"; };
		E26EA7F21C272CEB00B58009 /* ActualWeatherMapper.h */ = {isa = PBXFileReference; fileEncoding = 4; lastKnownFileType = sourcecode.c.h; path = ActualWeatherMapper.h; sourceTree = "<group>"; };
		E26EA7F31C272CEB00B58009 /* ActualWeatherMapper.m */ = {isa = PBXFileReference; fileEncoding = 4; lastKnownFileType = sourcecode.c.objc; path = ActualWeatherMapper.m; sourceTree = "<group>"; };
		E26EA7F61C2773F500B58009 /* ActualWeatherModuleInterface.h */ = {isa = PBXFileReference; fileEncoding = 4; lastKnownFileType = sourcecode.c.h; path = ActualWeatherModuleInterface.h; sourceTree = "<group>"; };
		E26EA7F71C27744C00B58009 /* ActualWeatherPresenter.h */ = {isa = PBXFileReference; fileEncoding = 4; lastKnownFileType = sourcecode.c.h; path = ActualWeatherPresenter.h; sourceTree = "<group>"; };
		E26EA7F81C27744C00B58009 /* ActualWeatherPresenter.m */ = {isa = PBXFileReference; fileEncoding = 4; lastKnownFileType = sourcecode.c.objc; path = ActualWeatherPresenter.m; sourceTree = "<group>"; };
		E26EA7FA1C2774D500B58009 /* ActualWeatherViewInterface.h */ = {isa = PBXFileReference; fileEncoding = 4; lastKnownFileType = sourcecode.c.h; path = ActualWeatherViewInterface.h; sourceTree = "<group>"; };
		E26EA7FB1C27750C00B58009 /* ActualWeatherViewController.h */ = {isa = PBXFileReference; fileEncoding = 4; lastKnownFileType = sourcecode.c.h; path = ActualWeatherViewController.h; sourceTree = "<group>"; };
		E26EA7FC1C27750C00B58009 /* ActualWeatherViewController.m */ = {isa = PBXFileReference; fileEncoding = 4; lastKnownFileType = sourcecode.c.objc; path = ActualWeatherViewController.m; sourceTree = "<group>"; };
		E26EA7FE1C27756C00B58009 /* ActualWeatherWireframe.h */ = {isa = PBXFileReference; fileEncoding = 4; lastKnownFileType = sourcecode.c.h; path = ActualWeatherWireframe.h; sourceTree = "<group>"; };
		E26EA7FF1C27756C00B58009 /* ActualWeatherWireframe.m */ = {isa = PBXFileReference; fileEncoding = 4; lastKnownFileType = sourcecode.c.objc; path = ActualWeatherWireframe.m; sourceTree = "<group>"; };
		E2D8D22B1C2791AD00312511 /* CoreLocationHelper.h */ = {isa = PBXFileReference; fileEncoding = 4; lastKnownFileType = sourcecode.c.h; path = CoreLocationHelper.h; sourceTree = "<group>"; };
		E2D8D22C1C2791AD00312511 /* CoreLocationHelper.m */ = {isa = PBXFileReference; fileEncoding = 4; lastKnownFileType = sourcecode.c.objc; path = CoreLocationHelper.m; sourceTree = "<group>"; };
		E2ED91021C21869900DE48BA /* openweather.app */ = {isa = PBXFileReference; explicitFileType = wrapper.application; includeInIndex = 0; path = openweather.app; sourceTree = BUILT_PRODUCTS_DIR; };
		E2ED91061C21869900DE48BA /* main.m */ = {isa = PBXFileReference; lastKnownFileType = sourcecode.c.objc; path = main.m; sourceTree = "<group>"; };
		E2ED91081C21869900DE48BA /* AppDelegate.h */ = {isa = PBXFileReference; lastKnownFileType = sourcecode.c.h; path = AppDelegate.h; sourceTree = "<group>"; };
		E2ED91091C21869900DE48BA /* AppDelegate.m */ = {isa = PBXFileReference; lastKnownFileType = sourcecode.c.objc; path = AppDelegate.m; sourceTree = "<group>"; };
		E2ED910F1C21869900DE48BA /* Base */ = {isa = PBXFileReference; lastKnownFileType = file.storyboard; name = Base; path = Base.lproj/Main.storyboard; sourceTree = "<group>"; };
		E2ED91111C21869900DE48BA /* Assets.xcassets */ = {isa = PBXFileReference; lastKnownFileType = folder.assetcatalog; path = Assets.xcassets; sourceTree = "<group>"; };
		E2ED91141C21869900DE48BA /* Base */ = {isa = PBXFileReference; lastKnownFileType = file.storyboard; name = Base; path = Base.lproj/LaunchScreen.storyboard; sourceTree = "<group>"; };
		E2ED91161C21869900DE48BA /* Info.plist */ = {isa = PBXFileReference; lastKnownFileType = text.plist.xml; path = Info.plist; sourceTree = "<group>"; };
		E2ED911B1C21869A00DE48BA /* openweatherTests.xctest */ = {isa = PBXFileReference; explicitFileType = wrapper.cfbundle; includeInIndex = 0; path = openweatherTests.xctest; sourceTree = BUILT_PRODUCTS_DIR; };
		E2ED91211C21869A00DE48BA /* Info.plist */ = {isa = PBXFileReference; lastKnownFileType = text.plist.xml; path = Info.plist; sourceTree = "<group>"; };
		E2ED91261C21869A00DE48BA /* openweatherUITests.xctest */ = {isa = PBXFileReference; explicitFileType = wrapper.cfbundle; includeInIndex = 0; path = openweatherUITests.xctest; sourceTree = BUILT_PRODUCTS_DIR; };
		E2ED912A1C21869A00DE48BA /* openweatherUITests.m */ = {isa = PBXFileReference; lastKnownFileType = sourcecode.c.objc; path = openweatherUITests.m; sourceTree = "<group>"; };
		E2ED912C1C21869A00DE48BA /* Info.plist */ = {isa = PBXFileReference; lastKnownFileType = text.plist.xml; path = Info.plist; sourceTree = "<group>"; };
		E2ED913E1C22BA5300DE48BA /* JSONActualWeather.h */ = {isa = PBXFileReference; fileEncoding = 4; lastKnownFileType = sourcecode.c.h; path = JSONActualWeather.h; sourceTree = "<group>"; };
		E2ED913F1C22BA5300DE48BA /* JSONActualWeather.m */ = {isa = PBXFileReference; fileEncoding = 4; lastKnownFileType = sourcecode.c.objc; path = JSONActualWeather.m; sourceTree = "<group>"; };
		E2ED91411C22C56600DE48BA /* JSONWeatherData.h */ = {isa = PBXFileReference; fileEncoding = 4; lastKnownFileType = sourcecode.c.h; path = JSONWeatherData.h; sourceTree = "<group>"; };
		E2ED91421C22C56600DE48BA /* JSONWeatherData.m */ = {isa = PBXFileReference; fileEncoding = 4; lastKnownFileType = sourcecode.c.objc; path = JSONWeatherData.m; sourceTree = "<group>"; };
		E2ED91441C22C6A300DE48BA /* JSONCity.h */ = {isa = PBXFileReference; fileEncoding = 4; lastKnownFileType = sourcecode.c.h; path = JSONCity.h; sourceTree = "<group>"; };
		E2ED91451C22C6A300DE48BA /* JSONCity.m */ = {isa = PBXFileReference; fileEncoding = 4; lastKnownFileType = sourcecode.c.objc; path = JSONCity.m; sourceTree = "<group>"; };
		E2ED91471C22C77800DE48BA /* JSONForecast.h */ = {isa = PBXFileReference; fileEncoding = 4; lastKnownFileType = sourcecode.c.h; path = JSONForecast.h; sourceTree = "<group>"; };
		E2ED91481C22C77800DE48BA /* JSONForecast.m */ = {isa = PBXFileReference; fileEncoding = 4; lastKnownFileType = sourcecode.c.objc; path = JSONForecast.m; sourceTree = "<group>"; };
		E2ED91511C22DB5500DE48BA /* JSONParser.h */ = {isa = PBXFileReference; fileEncoding = 4; lastKnownFileType = sourcecode.c.h; path = JSONParser.h; sourceTree = "<group>"; };
		E2ED91521C22DB5500DE48BA /* JSONParser.m */ = {isa = PBXFileReference; fileEncoding = 4; lastKnownFileType = sourcecode.c.objc; path = JSONParser.m; sourceTree = "<group>"; };
		E2ED91541C22E22600DE48BA /* JSONIdentifiers.h */ = {isa = PBXFileReference; fileEncoding = 4; lastKnownFileType = sourcecode.c.h; path = JSONIdentifiers.h; sourceTree = "<group>"; };
		E2ED91581C231DDB00DE48BA /* JSONParserTests.m */ = {isa = PBXFileReference; fileEncoding = 4; lastKnownFileType = sourcecode.c.objc; path = JSONParserTests.m; sourceTree = "<group>"; };
		E2ED915E1C231EEE00DE48BA /* StubFileUtil.h */ = {isa = PBXFileReference; fileEncoding = 4; lastKnownFileType = sourcecode.c.h; path = StubFileUtil.h; sourceTree = "<group>"; };
		E2ED915F1C231EEE00DE48BA /* StubFileUtil.m */ = {isa = PBXFileReference; fileEncoding = 4; lastKnownFileType = sourcecode.c.objc; path = StubFileUtil.m; sourceTree = "<group>"; };
		E2ED91611C23216700DE48BA /* ActualWeatherStubComplete.json */ = {isa = PBXFileReference; fileEncoding = 4; lastKnownFileType = text.json; path = ActualWeatherStubComplete.json; sourceTree = "<group>"; };
		E2ED91631C2328C300DE48BA /* JSONParserErrors.h */ = {isa = PBXFileReference; lastKnownFileType = sourcecode.c.h; path = JSONParserErrors.h; sourceTree = "<group>"; };
		E2ED91641C236B1800DE48BA /* Forecast5DaysStub.json */ = {isa = PBXFileReference; fileEncoding = 4; lastKnownFileType = text.json; path = Forecast5DaysStub.json; sourceTree = "<group>"; };
		E2ED91661C236B5300DE48BA /* Forecast16DaysStub.json */ = {isa = PBXFileReference; fileEncoding = 4; lastKnownFileType = text.json; path = Forecast16DaysStub.json; sourceTree = "<group>"; };
		E2ED916A1C2430F500DE48BA /* OWMAPIWebServiceProtocol.h */ = {isa = PBXFileReference; fileEncoding = 4; lastKnownFileType = sourcecode.c.h; path = OWMAPIWebServiceProtocol.h; sourceTree = "<group>"; };
		EF35DBA20A71B35BACCFD0A0 /* Pods-openweatherTests.debug.xcconfig */ = {isa = PBXFileReference; includeInIndex = 1; lastKnownFileType = text.xcconfig; name = "Pods-openweatherTests.debug.xcconfig"; path = "Pods/Target Support Files/Pods-openweatherTests/Pods-openweatherTests.debug.xcconfig"; sourceTree = "<group>"; };
/* End PBXFileReference section */

/* Begin PBXFrameworksBuildPhase section */
		E2ED90FF1C21869900DE48BA /* Frameworks */ = {
			isa = PBXFrameworksBuildPhase;
			buildActionMask = 2147483647;
			files = (
				C9E0CCB19F884D7C7FC8AFED /* libPods-openweather.a in Frameworks */,
			);
			runOnlyForDeploymentPostprocessing = 0;
		};
		E2ED91181C21869A00DE48BA /* Frameworks */ = {
			isa = PBXFrameworksBuildPhase;
			buildActionMask = 2147483647;
			files = (
				D0A2077BAD3D4FBC15817170 /* libPods-openweatherTests.a in Frameworks */,
			);
			runOnlyForDeploymentPostprocessing = 0;
		};
		E2ED91231C21869A00DE48BA /* Frameworks */ = {
			isa = PBXFrameworksBuildPhase;
			buildActionMask = 2147483647;
			files = (
			);
			runOnlyForDeploymentPostprocessing = 0;
		};
/* End PBXFrameworksBuildPhase section */

/* Begin PBXGroup section */
		3D115D9F550BF690D9280675 /* Frameworks */ = {
			isa = PBXGroup;
			children = (
				ADFB0C5A4654417B5CC52896 /* libPods.a */,
				4F1BA4673EEB777C3DF02FC5 /* libPods-openweather.a */,
				AE24B16A08DACC04B848F6C1 /* libPods-openweatherTests.a */,
			);
			name = Frameworks;
			sourceTree = "<group>";
		};
		E26229B51C26C17500101017 /* Entities */ = {
			isa = PBXGroup;
			children = (
				E26EA7CE1C26F74D00B58009 /* Managed */,
				E26EA7CF1C26F76A00B58009 /* ActualWeather.h */,
				E26EA7D01C26F76A00B58009 /* ActualWeather.m */,
				E26EA7D21C26F77500B58009 /* Forecast.h */,
				E26EA7D31C26F77500B58009 /* Forecast.m */,
			);
			name = Entities;
			sourceTree = "<group>";
		};
		E26EA7CE1C26F74D00B58009 /* Managed */ = {
			isa = PBXGroup;
			children = (
				E210CB551C248276002B7B2A /* openweather.xcdatamodeld */,
				E26229AD1C26C16A00101017 /* ActualWeatherManaged.h */,
				E26229AE1C26C16A00101017 /* ActualWeatherManaged.m */,
				E26229AF1C26C16A00101017 /* ForecastManaged.h */,
				E26229B01C26C16A00101017 /* ForecastManaged.m */,
				E26229A91C26C16A00101017 /* _ActualWeatherManaged.h */,
				E26229AA1C26C16A00101017 /* _ActualWeatherManaged.m */,
				E26229AB1C26C16A00101017 /* _ForecastManaged.h */,
				E26229AC1C26C16A00101017 /* _ForecastManaged.m */,
			);
			name = Managed;
			sourceTree = "<group>";
		};
		E26EA7DE1C270E5C00B58009 /* Application Logic */ = {
			isa = PBXGroup;
			children = (
				E26EA7E51C270F8600B58009 /* Interactor */,
				E26EA7E91C27116100B58009 /* Manager */,
			);
			name = "Application Logic";
			sourceTree = "<group>";
		};
		E26EA7DF1C270E7B00B58009 /* Module interface */ = {
			isa = PBXGroup;
			children = (
				E26EA7F61C2773F500B58009 /* ActualWeatherModuleInterface.h */,
			);
			name = "Module interface";
			sourceTree = "<group>";
		};
		E26EA7E01C270ECF00B58009 /* Actual Weather */ = {
			isa = PBXGroup;
			children = (
				E26EA7DE1C270E5C00B58009 /* Application Logic */,
				E26EA7DF1C270E7B00B58009 /* Module interface */,
				E26EA7E11C270EF500B58009 /* User Interface */,
			);
			name = "Actual Weather";
			sourceTree = "<group>";
		};
		E26EA7E11C270EF500B58009 /* User Interface */ = {
			isa = PBXGroup;
			children = (
				E26EA7E21C270F0100B58009 /* Presenter */,
				E26EA7E31C270F1500B58009 /* View */,
				E26EA7E41C270F2100B58009 /* Wireframe */,
			);
			name = "User Interface";
			sourceTree = "<group>";
		};
		E26EA7E21C270F0100B58009 /* Presenter */ = {
			isa = PBXGroup;
			children = (
				E26EA7F71C27744C00B58009 /* ActualWeatherPresenter.h */,
				E26EA7F81C27744C00B58009 /* ActualWeatherPresenter.m */,
			);
			name = Presenter;
			sourceTree = "<group>";
		};
		E26EA7E31C270F1500B58009 /* View */ = {
			isa = PBXGroup;
			children = (
				E26EA7FA1C2774D500B58009 /* ActualWeatherViewInterface.h */,
				E26EA7FB1C27750C00B58009 /* ActualWeatherViewController.h */,
				E26EA7FC1C27750C00B58009 /* ActualWeatherViewController.m */,
			);
			name = View;
			sourceTree = "<group>";
		};
		E26EA7E41C270F2100B58009 /* Wireframe */ = {
			isa = PBXGroup;
			children = (
				E26EA7FE1C27756C00B58009 /* ActualWeatherWireframe.h */,
				E26EA7FF1C27756C00B58009 /* ActualWeatherWireframe.m */,
			);
			name = Wireframe;
			sourceTree = "<group>";
		};
		E26EA7E51C270F8600B58009 /* Interactor */ = {
			isa = PBXGroup;
			children = (
				E26EA7EA1C27127000B58009 /* ActualWeatherInteractorIO.h */,
				E26EA7EC1C27137D00B58009 /* ActualWeatherInteractor.h */,
				E26EA7ED1C27137D00B58009 /* ActualWeatherInteractor.m */,
			);
			name = Interactor;
			sourceTree = "<group>";
		};
		E26EA7E91C27116100B58009 /* Manager */ = {
			isa = PBXGroup;
			children = (
				E26EA7EF1C2714BA00B58009 /* ActualWeatherDataManager.h */,
				E26EA7F01C2714BA00B58009 /* ActualWeatherDataManager.m */,
			);
			name = Manager;
			sourceTree = "<group>";
		};
		E26EA7F51C272CFB00B58009 /* Mappers */ = {
			isa = PBXGroup;
			children = (
				E26EA7F21C272CEB00B58009 /* ActualWeatherMapper.h */,
				E26EA7F31C272CEB00B58009 /* ActualWeatherMapper.m */,
			);
			name = Mappers;
			sourceTree = "<group>";
		};
		E2ED90F91C21869900DE48BA = {
			isa = PBXGroup;
			children = (
				E2ED91041C21869900DE48BA /* openweather */,
				E2ED911E1C21869A00DE48BA /* openweatherTests */,
				E2ED91291C21869A00DE48BA /* openweatherUITests */,
				E2ED91031C21869900DE48BA /* Products */,
				F9830D6BD05FB5D57F7204FC /* Pods */,
				3D115D9F550BF690D9280675 /* Frameworks */,
			);
			sourceTree = "<group>";
		};
		E2ED91031C21869900DE48BA /* Products */ = {
			isa = PBXGroup;
			children = (
				E2ED91021C21869900DE48BA /* openweather.app */,
				E2ED911B1C21869A00DE48BA /* openweatherTests.xctest */,
				E2ED91261C21869A00DE48BA /* openweatherUITests.xctest */,
			);
			name = Products;
			sourceTree = "<group>";
		};
		E2ED91041C21869900DE48BA /* openweather */ = {
			isa = PBXGroup;
			children = (
				E2ED91081C21869900DE48BA /* AppDelegate.h */,
				E2ED91091C21869900DE48BA /* AppDelegate.m */,
				E26EA7E61C270FEE00B58009 /* AppDependencies.h */,
				E26EA7E71C270FEE00B58009 /* AppDependencies.m */,
				E2ED91391C21A91800DE48BA /* Classes */,
				E2ED91381C21A8D800DE48BA /* Resources */,
				E2ED91051C21869900DE48BA /* Supporting Files */,
			);
			path = openweather;
			sourceTree = "<group>";
		};
		E2ED91051C21869900DE48BA /* Supporting Files */ = {
			isa = PBXGroup;
			children = (
				E2ED91161C21869900DE48BA /* Info.plist */,
				E2ED91061C21869900DE48BA /* main.m */,
			);
			name = "Supporting Files";
			sourceTree = "<group>";
		};
		E2ED911E1C21869A00DE48BA /* openweatherTests */ = {
			isa = PBXGroup;
			children = (
				E2ED915D1C231EDC00DE48BA /* TestUtils */,
				E2ED915A1C231DEE00DE48BA /* Stubs */,
				E2ED91211C21869A00DE48BA /* Info.plist */,
				E2ED91581C231DDB00DE48BA /* JSONParserTests.m */,
				E210CB501C246165002B7B2A /* OWMWebServiceTests.m */,
			);
			path = openweatherTests;
			sourceTree = "<group>";
		};
		E2ED91291C21869A00DE48BA /* openweatherUITests */ = {
			isa = PBXGroup;
			children = (
				E2ED912A1C21869A00DE48BA /* openweatherUITests.m */,
				E2ED912C1C21869A00DE48BA /* Info.plist */,
			);
			path = openweatherUITests;
			sourceTree = "<group>";
		};
		E2ED91381C21A8D800DE48BA /* Resources */ = {
			isa = PBXGroup;
			children = (
				E2ED910E1C21869900DE48BA /* Main.storyboard */,
				E2ED91131C21869900DE48BA /* LaunchScreen.storyboard */,
				E2ED91111C21869900DE48BA /* Assets.xcassets */,
			);
			name = Resources;
			sourceTree = "<group>";
		};
		E2ED91391C21A91800DE48BA /* Classes */ = {
			isa = PBXGroup;
			children = (
				E2ED913B1C21A98A00DE48BA /* Common */,
				E2ED913A1C21A92000DE48BA /* Modules */,
			);
			name = Classes;
			sourceTree = "<group>";
		};
		E2ED913A1C21A92000DE48BA /* Modules */ = {
			isa = PBXGroup;
			children = (
				E26EA7E01C270ECF00B58009 /* Actual Weather */,
			);
			name = Modules;
			sourceTree = "<group>";
		};
		E2ED913B1C21A98A00DE48BA /* Common */ = {
			isa = PBXGroup;
			children = (
				E26EA7F51C272CFB00B58009 /* Mappers */,
				E2ED91681C242F6C00DE48BA /* WebService Client */,
				E2ED91551C22F1CB00DE48BA /* Helpers */,
				E2ED91501C22D6E600DE48BA /* Parser */,
				E2ED913C1C21EA8600DE48BA /* Stores */,
			);
			name = Common;
			sourceTree = "<group>";
		};
		E2ED913C1C21EA8600DE48BA /* Stores */ = {
			isa = PBXGroup;
			children = (
				E26229B51C26C17500101017 /* Entities */,
				E26EA7D51C26F81400B58009 /* DataStoreProtocol.h */,
				E26EA7D61C26FCA800B58009 /* CoreDataStore.h */,
				E26EA7D71C26FCA800B58009 /* CoreDataStore.m */,
				E26EA7DC1C2705CA00B58009 /* CoreDataStoreErrors.h */,
			);
			name = Stores;
			sourceTree = "<group>";
		};
		E2ED913D1C2207AC00DE48BA /* Model */ = {
			isa = PBXGroup;
			children = (
				E2ED91441C22C6A300DE48BA /* JSONCity.h */,
				E2ED91451C22C6A300DE48BA /* JSONCity.m */,
				E2ED91411C22C56600DE48BA /* JSONWeatherData.h */,
				E2ED91421C22C56600DE48BA /* JSONWeatherData.m */,
				E2ED91471C22C77800DE48BA /* JSONForecast.h */,
				E2ED91481C22C77800DE48BA /* JSONForecast.m */,
				E2ED913E1C22BA5300DE48BA /* JSONActualWeather.h */,
				E2ED913F1C22BA5300DE48BA /* JSONActualWeather.m */,
			);
			name = Model;
			sourceTree = "<group>";
		};
		E2ED91501C22D6E600DE48BA /* Parser */ = {
			isa = PBXGroup;
			children = (
				E2ED913D1C2207AC00DE48BA /* Model */,
				E2ED91511C22DB5500DE48BA /* JSONParser.h */,
				E2ED91521C22DB5500DE48BA /* JSONParser.m */,
				E2ED91631C2328C300DE48BA /* JSONParserErrors.h */,
				E2ED91541C22E22600DE48BA /* JSONIdentifiers.h */,
			);
			name = Parser;
			sourceTree = "<group>";
		};
		E2ED91551C22F1CB00DE48BA /* Helpers */ = {
			isa = PBXGroup;
			children = (
				E2D8D22B1C2791AD00312511 /* CoreLocationHelper.h */,
				E2D8D22C1C2791AD00312511 /* CoreLocationHelper.m */,
				E210CB4C1C244599002B7B2A /* NSError+OWMErrors.h */,
				E210CB4D1C244599002B7B2A /* NSError+OWMErrors.m */,
			);
			name = Helpers;
			sourceTree = "<group>";
		};
		E2ED915A1C231DEE00DE48BA /* Stubs */ = {
			isa = PBXGroup;
			children = (
				E2ED91611C23216700DE48BA /* ActualWeatherStubComplete.json */,
				E2ED91641C236B1800DE48BA /* Forecast5DaysStub.json */,
				E2ED91661C236B5300DE48BA /* Forecast16DaysStub.json */,
			);
			name = Stubs;
			sourceTree = "<group>";
		};
		E2ED915D1C231EDC00DE48BA /* TestUtils */ = {
			isa = PBXGroup;
			children = (
				E2ED915E1C231EEE00DE48BA /* StubFileUtil.h */,
				E2ED915F1C231EEE00DE48BA /* StubFileUtil.m */,
			);
			name = TestUtils;
			sourceTree = "<group>";
		};
		E2ED91681C242F6C00DE48BA /* WebService Client */ = {
			isa = PBXGroup;
			children = (
				E2ED916A1C2430F500DE48BA /* OWMAPIWebServiceProtocol.h */,
				E210CB451C24339C002B7B2A /* OWMWebServiceClient.h */,
				E210CB461C24339C002B7B2A /* OWMWebServiceClient.m */,
				E210CB481C243B30002B7B2A /* OWMWebServiceConstants.h */,
				E210CB491C243BB0002B7B2A /* OWMWebServiceRequestSerializer.h */,
				E210CB4A1C243BB0002B7B2A /* OWMWebServiceRequestSerializer.m */,
				E210CB4F1C24547E002B7B2A /* OWMNetworkingErrors.h */,
			);
			name = "WebService Client";
			sourceTree = "<group>";
		};
		F9830D6BD05FB5D57F7204FC /* Pods */ = {
			isa = PBXGroup;
			children = (
				6064326349D794B342EA30EE /* Pods.debug.xcconfig */,
				D37B60F5CD241D072A47277C /* Pods.release.xcconfig */,
				EF35DBA20A71B35BACCFD0A0 /* Pods-openweatherTests.debug.xcconfig */,
				72C5588175FC981FA511CED6 /* Pods-openweatherTests.release.xcconfig */,
				0183BDEA203FEBC58FD24A5F /* Pods-openweather.debug.xcconfig */,
				7D37C43C2ED8BD1DEDE50636 /* Pods-openweather.release.xcconfig */,
			);
			name = Pods;
			sourceTree = "<group>";
		};
/* End PBXGroup section */

/* Begin PBXNativeTarget section */
		E2ED91011C21869900DE48BA /* openweather */ = {
			isa = PBXNativeTarget;
			buildConfigurationList = E2ED912F1C21869A00DE48BA /* Build configuration list for PBXNativeTarget "openweather" */;
			buildPhases = (
				97B228109E5EF4D1013B776F /* Check Pods Manifest.lock */,
				E2ED90FE1C21869900DE48BA /* Sources */,
				E2ED90FF1C21869900DE48BA /* Frameworks */,
				E2ED91001C21869900DE48BA /* Resources */,
				99E3239227D171D930C46E3B /* Embed Pods Frameworks */,
				DD30145AE09B2D57655E9E28 /* Copy Pods Resources */,
			);
			buildRules = (
			);
			dependencies = (
			);
			name = openweather;
			productName = openweather;
			productReference = E2ED91021C21869900DE48BA /* openweather.app */;
			productType = "com.apple.product-type.application";
		};
		E2ED911A1C21869A00DE48BA /* openweatherTests */ = {
			isa = PBXNativeTarget;
			buildConfigurationList = E2ED91321C21869A00DE48BA /* Build configuration list for PBXNativeTarget "openweatherTests" */;
			buildPhases = (
				3017E9C49997484EE1CA684C /* Check Pods Manifest.lock */,
				E2ED91171C21869A00DE48BA /* Sources */,
				E2ED91181C21869A00DE48BA /* Frameworks */,
				E2ED91191C21869A00DE48BA /* Resources */,
				C42743F1F129ED8444808431 /* Embed Pods Frameworks */,
				A27C5D9A993B381A3FF34048 /* Copy Pods Resources */,
			);
			buildRules = (
			);
			dependencies = (
				E2ED911D1C21869A00DE48BA /* PBXTargetDependency */,
			);
			name = openweatherTests;
			productName = openweatherTests;
			productReference = E2ED911B1C21869A00DE48BA /* openweatherTests.xctest */;
			productType = "com.apple.product-type.bundle.unit-test";
		};
		E2ED91251C21869A00DE48BA /* openweatherUITests */ = {
			isa = PBXNativeTarget;
			buildConfigurationList = E2ED91351C21869A00DE48BA /* Build configuration list for PBXNativeTarget "openweatherUITests" */;
			buildPhases = (
				E2ED91221C21869A00DE48BA /* Sources */,
				E2ED91231C21869A00DE48BA /* Frameworks */,
				E2ED91241C21869A00DE48BA /* Resources */,
			);
			buildRules = (
			);
			dependencies = (
				E2ED91281C21869A00DE48BA /* PBXTargetDependency */,
			);
			name = openweatherUITests;
			productName = openweatherUITests;
			productReference = E2ED91261C21869A00DE48BA /* openweatherUITests.xctest */;
			productType = "com.apple.product-type.bundle.ui-testing";
		};
/* End PBXNativeTarget section */

/* Begin PBXProject section */
		E2ED90FA1C21869900DE48BA /* Project object */ = {
			isa = PBXProject;
			attributes = {
				CLASSPREFIX = OWM;
				LastUpgradeCheck = 0700;
				ORGANIZATIONNAME = Toni;
				TargetAttributes = {
					E26229A41C26BEB200101017 = {
						CreatedOnToolsVersion = 7.0.1;
					};
					E2ED91011C21869900DE48BA = {
						CreatedOnToolsVersion = 7.0.1;
						DevelopmentTeam = GX34F8EY53;
					};
					E2ED911A1C21869A00DE48BA = {
						CreatedOnToolsVersion = 7.0.1;
						TestTargetID = E2ED91011C21869900DE48BA;
					};
					E2ED91251C21869A00DE48BA = {
						CreatedOnToolsVersion = 7.0.1;
						TestTargetID = E2ED91011C21869900DE48BA;
					};
				};
			};
			buildConfigurationList = E2ED90FD1C21869900DE48BA /* Build configuration list for PBXProject "openweather" */;
			compatibilityVersion = "Xcode 3.2";
			developmentRegion = English;
			hasScannedForEncodings = 0;
			knownRegions = (
				en,
				Base,
			);
			mainGroup = E2ED90F91C21869900DE48BA;
			productRefGroup = E2ED91031C21869900DE48BA /* Products */;
			projectDirPath = "";
			projectRoot = "";
			targets = (
				E2ED91011C21869900DE48BA /* openweather */,
				E2ED911A1C21869A00DE48BA /* openweatherTests */,
				E2ED91251C21869A00DE48BA /* openweatherUITests */,
				E26229A41C26BEB200101017 /* mogenerator */,
			);
		};
/* End PBXProject section */

/* Begin PBXResourcesBuildPhase section */
		E2ED91001C21869900DE48BA /* Resources */ = {
			isa = PBXResourcesBuildPhase;
			buildActionMask = 2147483647;
			files = (
				E2ED91151C21869900DE48BA /* LaunchScreen.storyboard in Resources */,
				E2ED91121C21869900DE48BA /* Assets.xcassets in Resources */,
				E2ED91101C21869900DE48BA /* Main.storyboard in Resources */,
			);
			runOnlyForDeploymentPostprocessing = 0;
		};
		E2ED91191C21869A00DE48BA /* Resources */ = {
			isa = PBXResourcesBuildPhase;
			buildActionMask = 2147483647;
			files = (
				E2ED91671C236B5300DE48BA /* Forecast16DaysStub.json in Resources */,
				E2ED91651C236B1800DE48BA /* Forecast5DaysStub.json in Resources */,
				E2ED91621C23216700DE48BA /* ActualWeatherStubComplete.json in Resources */,
			);
			runOnlyForDeploymentPostprocessing = 0;
		};
		E2ED91241C21869A00DE48BA /* Resources */ = {
			isa = PBXResourcesBuildPhase;
			buildActionMask = 2147483647;
			files = (
			);
			runOnlyForDeploymentPostprocessing = 0;
		};
/* End PBXResourcesBuildPhase section */

/* Begin PBXShellScriptBuildPhase section */
		3017E9C49997484EE1CA684C /* Check Pods Manifest.lock */ = {
			isa = PBXShellScriptBuildPhase;
			buildActionMask = 2147483647;
			files = (
			);
			inputPaths = (
			);
			name = "Check Pods Manifest.lock";
			outputPaths = (
			);
			runOnlyForDeploymentPostprocessing = 0;
			shellPath = /bin/sh;
			shellScript = "diff \"${PODS_ROOT}/../Podfile.lock\" \"${PODS_ROOT}/Manifest.lock\" > /dev/null\nif [[ $? != 0 ]] ; then\n    cat << EOM\nerror: The sandbox is not in sync with the Podfile.lock. Run 'pod install' or update your CocoaPods installation.\nEOM\n    exit 1\nfi\n";
			showEnvVarsInLog = 0;
		};
		97B228109E5EF4D1013B776F /* Check Pods Manifest.lock */ = {
			isa = PBXShellScriptBuildPhase;
			buildActionMask = 2147483647;
			files = (
			);
			inputPaths = (
			);
			name = "Check Pods Manifest.lock";
			outputPaths = (
			);
			runOnlyForDeploymentPostprocessing = 0;
			shellPath = /bin/sh;
			shellScript = "diff \"${PODS_ROOT}/../Podfile.lock\" \"${PODS_ROOT}/Manifest.lock\" > /dev/null\nif [[ $? != 0 ]] ; then\n    cat << EOM\nerror: The sandbox is not in sync with the Podfile.lock. Run 'pod install' or update your CocoaPods installation.\nEOM\n    exit 1\nfi\n";
			showEnvVarsInLog = 0;
		};
		99E3239227D171D930C46E3B /* Embed Pods Frameworks */ = {
			isa = PBXShellScriptBuildPhase;
			buildActionMask = 2147483647;
			files = (
			);
			inputPaths = (
			);
			name = "Embed Pods Frameworks";
			outputPaths = (
			);
			runOnlyForDeploymentPostprocessing = 0;
			shellPath = /bin/sh;
			shellScript = "\"${SRCROOT}/Pods/Target Support Files/Pods-openweather/Pods-openweather-frameworks.sh\"\n";
			showEnvVarsInLog = 0;
		};
		A27C5D9A993B381A3FF34048 /* Copy Pods Resources */ = {
			isa = PBXShellScriptBuildPhase;
			buildActionMask = 2147483647;
			files = (
			);
			inputPaths = (
			);
			name = "Copy Pods Resources";
			outputPaths = (
			);
			runOnlyForDeploymentPostprocessing = 0;
			shellPath = /bin/sh;
			shellScript = "\"${SRCROOT}/Pods/Target Support Files/Pods-openweatherTests/Pods-openweatherTests-resources.sh\"\n";
			showEnvVarsInLog = 0;
		};
		C42743F1F129ED8444808431 /* Embed Pods Frameworks */ = {
			isa = PBXShellScriptBuildPhase;
			buildActionMask = 2147483647;
			files = (
			);
			inputPaths = (
			);
			name = "Embed Pods Frameworks";
			outputPaths = (
			);
			runOnlyForDeploymentPostprocessing = 0;
			shellPath = /bin/sh;
			shellScript = "\"${SRCROOT}/Pods/Target Support Files/Pods-openweatherTests/Pods-openweatherTests-frameworks.sh\"\n";
			showEnvVarsInLog = 0;
		};
		DD30145AE09B2D57655E9E28 /* Copy Pods Resources */ = {
			isa = PBXShellScriptBuildPhase;
			buildActionMask = 2147483647;
			files = (
			);
			inputPaths = (
			);
			name = "Copy Pods Resources";
			outputPaths = (
			);
			runOnlyForDeploymentPostprocessing = 0;
			shellPath = /bin/sh;
			shellScript = "\"${SRCROOT}/Pods/Target Support Files/Pods-openweather/Pods-openweather-resources.sh\"\n";
			showEnvVarsInLog = 0;
		};
		E26229A81C26BFF800101017 /* ShellScript */ = {
			isa = PBXShellScriptBuildPhase;
			buildActionMask = 2147483647;
			files = (
			);
			inputPaths = (
			);
			outputPaths = (
			);
			runOnlyForDeploymentPostprocessing = 0;
			shellPath = /bin/sh;
			shellScript = "mogenerator --template-var arc=true -m openweather/openweather.xcdatamodeld/ -O openweather\necho \"💾 Mogenerator finished\"";
		};
/* End PBXShellScriptBuildPhase section */

/* Begin PBXSourcesBuildPhase section */
		E2ED90FE1C21869900DE48BA /* Sources */ = {
			isa = PBXSourcesBuildPhase;
			buildActionMask = 2147483647;
			files = (
				E26229B21C26C16A00101017 /* _ForecastManaged.m in Sources */,
				E26EA7FD1C27750C00B58009 /* ActualWeatherViewController.m in Sources */,
				E210CB571C248276002B7B2A /* openweather.xcdatamodeld in Sources */,
				E2ED910A1C21869900DE48BA /* AppDelegate.m in Sources */,
				E210CB471C24339C002B7B2A /* OWMWebServiceClient.m in Sources */,
				E26EA7D11C26F76A00B58009 /* ActualWeather.m in Sources */,
				E26EA7EE1C27137D00B58009 /* ActualWeatherInteractor.m in Sources */,
				E2D8D22D1C2791AD00312511 /* CoreLocationHelper.m in Sources */,
				E2ED91071C21869900DE48BA /* main.m in Sources */,
				E26EA7F91C27744C00B58009 /* ActualWeatherPresenter.m in Sources */,
				E26EA8001C27756C00B58009 /* ActualWeatherWireframe.m in Sources */,
				E26229B11C26C16A00101017 /* _ActualWeatherManaged.m in Sources */,
				E26EA7D81C26FCA800B58009 /* CoreDataStore.m in Sources */,
				E26229B31C26C16A00101017 /* ActualWeatherManaged.m in Sources */,
				E210CB4B1C243BB0002B7B2A /* OWMWebServiceRequestSerializer.m in Sources */,
				E210CB4E1C244599002B7B2A /* NSError+OWMErrors.m in Sources */,
				E26229B41C26C16A00101017 /* ForecastManaged.m in Sources */,
				E26EA7F41C272CEB00B58009 /* ActualWeatherMapper.m in Sources */,
				E2ED91461C22C6A300DE48BA /* JSONCity.m in Sources */,
				E2ED91531C22DB5500DE48BA /* JSONParser.m in Sources */,
				E2ED91431C22C56600DE48BA /* JSONWeatherData.m in Sources */,
				E26EA7D41C26F77500B58009 /* Forecast.m in Sources */,
				E2ED91491C22C77800DE48BA /* JSONForecast.m in Sources */,
				E2ED91401C22BA5300DE48BA /* JSONActualWeather.m in Sources */,
				E26EA7E81C270FEE00B58009 /* AppDependencies.m in Sources */,
				E26EA7F11C2714BA00B58009 /* ActualWeatherDataManager.m in Sources */,
			);
			runOnlyForDeploymentPostprocessing = 0;
		};
		E2ED91171C21869A00DE48BA /* Sources */ = {
			isa = PBXSourcesBuildPhase;
			buildActionMask = 2147483647;
			files = (
				E2ED91591C231DDB00DE48BA /* JSONParserTests.m in Sources */,
				E2ED91601C231EEE00DE48BA /* StubFileUtil.m in Sources */,
				E210CB511C246165002B7B2A /* OWMWebServiceTests.m in Sources */,
			);
			runOnlyForDeploymentPostprocessing = 0;
		};
		E2ED91221C21869A00DE48BA /* Sources */ = {
			isa = PBXSourcesBuildPhase;
			buildActionMask = 2147483647;
			files = (
				E2ED912B1C21869A00DE48BA /* openweatherUITests.m in Sources */,
			);
			runOnlyForDeploymentPostprocessing = 0;
		};
/* End PBXSourcesBuildPhase section */

/* Begin PBXTargetDependency section */
		E2ED911D1C21869A00DE48BA /* PBXTargetDependency */ = {
			isa = PBXTargetDependency;
			target = E2ED91011C21869900DE48BA /* openweather */;
			targetProxy = E2ED911C1C21869A00DE48BA /* PBXContainerItemProxy */;
		};
		E2ED91281C21869A00DE48BA /* PBXTargetDependency */ = {
			isa = PBXTargetDependency;
			target = E2ED91011C21869900DE48BA /* openweather */;
			targetProxy = E2ED91271C21869A00DE48BA /* PBXContainerItemProxy */;
		};
/* End PBXTargetDependency section */

/* Begin PBXVariantGroup section */
		E2ED910E1C21869900DE48BA /* Main.storyboard */ = {
			isa = PBXVariantGroup;
			children = (
				E2ED910F1C21869900DE48BA /* Base */,
			);
			name = Main.storyboard;
			sourceTree = "<group>";
		};
		E2ED91131C21869900DE48BA /* LaunchScreen.storyboard */ = {
			isa = PBXVariantGroup;
			children = (
				E2ED91141C21869900DE48BA /* Base */,
			);
			name = LaunchScreen.storyboard;
			sourceTree = "<group>";
		};
/* End PBXVariantGroup section */

/* Begin XCBuildConfiguration section */
		E26229A61C26BEB200101017 /* Debug */ = {
			isa = XCBuildConfiguration;
			buildSettings = {
				PRODUCT_NAME = "$(TARGET_NAME)";
			};
			name = Debug;
		};
		E26229A71C26BEB200101017 /* Release */ = {
			isa = XCBuildConfiguration;
			buildSettings = {
				PRODUCT_NAME = "$(TARGET_NAME)";
			};
			name = Release;
		};
		E2ED912D1C21869A00DE48BA /* Debug */ = {
			isa = XCBuildConfiguration;
			buildSettings = {
				ALWAYS_SEARCH_USER_PATHS = NO;
				CLANG_CXX_LANGUAGE_STANDARD = "gnu++0x";
				CLANG_CXX_LIBRARY = "libc++";
				CLANG_ENABLE_MODULES = YES;
				CLANG_ENABLE_OBJC_ARC = YES;
				CLANG_WARN_BOOL_CONVERSION = YES;
				CLANG_WARN_CONSTANT_CONVERSION = YES;
				CLANG_WARN_DIRECT_OBJC_ISA_USAGE = YES_ERROR;
				CLANG_WARN_EMPTY_BODY = YES;
				CLANG_WARN_ENUM_CONVERSION = YES;
				CLANG_WARN_INT_CONVERSION = YES;
				CLANG_WARN_OBJC_ROOT_CLASS = YES_ERROR;
				CLANG_WARN_UNREACHABLE_CODE = YES;
				CLANG_WARN__DUPLICATE_METHOD_MATCH = YES;
				"CODE_SIGN_IDENTITY[sdk=iphoneos*]" = "iPhone Developer";
				COPY_PHASE_STRIP = NO;
				DEBUG_INFORMATION_FORMAT = dwarf;
				ENABLE_STRICT_OBJC_MSGSEND = YES;
				ENABLE_TESTABILITY = YES;
				GCC_C_LANGUAGE_STANDARD = gnu99;
				GCC_DYNAMIC_NO_PIC = NO;
				GCC_NO_COMMON_BLOCKS = YES;
				GCC_OPTIMIZATION_LEVEL = 0;
				GCC_PREPROCESSOR_DEFINITIONS = (
					"DEBUG=1",
					"$(inherited)",
				);
				GCC_WARN_64_TO_32_BIT_CONVERSION = YES;
				GCC_WARN_ABOUT_RETURN_TYPE = YES_ERROR;
				GCC_WARN_UNDECLARED_SELECTOR = YES;
				GCC_WARN_UNINITIALIZED_AUTOS = YES_AGGRESSIVE;
				GCC_WARN_UNUSED_FUNCTION = YES;
				GCC_WARN_UNUSED_VARIABLE = YES;
				IPHONEOS_DEPLOYMENT_TARGET = 9.0;
				MTL_ENABLE_DEBUG_INFO = YES;
				ONLY_ACTIVE_ARCH = YES;
				SDKROOT = iphoneos;
			};
			name = Debug;
		};
		E2ED912E1C21869A00DE48BA /* Release */ = {
			isa = XCBuildConfiguration;
			buildSettings = {
				ALWAYS_SEARCH_USER_PATHS = NO;
				CLANG_CXX_LANGUAGE_STANDARD = "gnu++0x";
				CLANG_CXX_LIBRARY = "libc++";
				CLANG_ENABLE_MODULES = YES;
				CLANG_ENABLE_OBJC_ARC = YES;
				CLANG_WARN_BOOL_CONVERSION = YES;
				CLANG_WARN_CONSTANT_CONVERSION = YES;
				CLANG_WARN_DIRECT_OBJC_ISA_USAGE = YES_ERROR;
				CLANG_WARN_EMPTY_BODY = YES;
				CLANG_WARN_ENUM_CONVERSION = YES;
				CLANG_WARN_INT_CONVERSION = YES;
				CLANG_WARN_OBJC_ROOT_CLASS = YES_ERROR;
				CLANG_WARN_UNREACHABLE_CODE = YES;
				CLANG_WARN__DUPLICATE_METHOD_MATCH = YES;
				"CODE_SIGN_IDENTITY[sdk=iphoneos*]" = "iPhone Developer";
				COPY_PHASE_STRIP = NO;
				DEBUG_INFORMATION_FORMAT = "dwarf-with-dsym";
				ENABLE_NS_ASSERTIONS = NO;
				ENABLE_STRICT_OBJC_MSGSEND = YES;
				GCC_C_LANGUAGE_STANDARD = gnu99;
				GCC_NO_COMMON_BLOCKS = YES;
				GCC_WARN_64_TO_32_BIT_CONVERSION = YES;
				GCC_WARN_ABOUT_RETURN_TYPE = YES_ERROR;
				GCC_WARN_UNDECLARED_SELECTOR = YES;
				GCC_WARN_UNINITIALIZED_AUTOS = YES_AGGRESSIVE;
				GCC_WARN_UNUSED_FUNCTION = YES;
				GCC_WARN_UNUSED_VARIABLE = YES;
				IPHONEOS_DEPLOYMENT_TARGET = 9.0;
				MTL_ENABLE_DEBUG_INFO = NO;
				SDKROOT = iphoneos;
				VALIDATE_PRODUCT = YES;
			};
			name = Release;
		};
		E2ED91301C21869A00DE48BA /* Debug */ = {
			isa = XCBuildConfiguration;
			baseConfigurationReference = 0183BDEA203FEBC58FD24A5F /* Pods-openweather.debug.xcconfig */;
			buildSettings = {
				ASSETCATALOG_COMPILER_APPICON_NAME = AppIcon;
				CODE_SIGN_IDENTITY = "iPhone Developer";
				INFOPLIST_FILE = openweather/Info.plist;
				LD_RUNPATH_SEARCH_PATHS = "$(inherited) @executable_path/Frameworks";
				PRODUCT_BUNDLE_IDENTIFIER = com.unagistudio.openweather;
				PRODUCT_NAME = "$(TARGET_NAME)";
			};
			name = Debug;
		};
		E2ED91311C21869A00DE48BA /* Release */ = {
			isa = XCBuildConfiguration;
			baseConfigurationReference = 7D37C43C2ED8BD1DEDE50636 /* Pods-openweather.release.xcconfig */;
			buildSettings = {
				ASSETCATALOG_COMPILER_APPICON_NAME = AppIcon;
				CODE_SIGN_IDENTITY = "iPhone Developer";
				INFOPLIST_FILE = openweather/Info.plist;
				LD_RUNPATH_SEARCH_PATHS = "$(inherited) @executable_path/Frameworks";
				PRODUCT_BUNDLE_IDENTIFIER = com.unagistudio.openweather;
				PRODUCT_NAME = "$(TARGET_NAME)";
			};
			name = Release;
		};
		E2ED91331C21869A00DE48BA /* Debug */ = {
			isa = XCBuildConfiguration;
			baseConfigurationReference = EF35DBA20A71B35BACCFD0A0 /* Pods-openweatherTests.debug.xcconfig */;
			buildSettings = {
				BUNDLE_LOADER = "$(TEST_HOST)";
				INFOPLIST_FILE = openweatherTests/Info.plist;
				LD_RUNPATH_SEARCH_PATHS = "$(inherited) @executable_path/Frameworks @loader_path/Frameworks";
				PRODUCT_BUNDLE_IDENTIFIER = com.unagistudio.openweatherTests;
				PRODUCT_NAME = "$(TARGET_NAME)";
				TEST_HOST = "$(BUILT_PRODUCTS_DIR)/openweather.app/openweather";
			};
			name = Debug;
		};
		E2ED91341C21869A00DE48BA /* Release */ = {
			isa = XCBuildConfiguration;
			baseConfigurationReference = 72C5588175FC981FA511CED6 /* Pods-openweatherTests.release.xcconfig */;
			buildSettings = {
				BUNDLE_LOADER = "$(TEST_HOST)";
				INFOPLIST_FILE = openweatherTests/Info.plist;
				LD_RUNPATH_SEARCH_PATHS = "$(inherited) @executable_path/Frameworks @loader_path/Frameworks";
				PRODUCT_BUNDLE_IDENTIFIER = com.unagistudio.openweatherTests;
				PRODUCT_NAME = "$(TARGET_NAME)";
				TEST_HOST = "$(BUILT_PRODUCTS_DIR)/openweather.app/openweather";
			};
			name = Release;
		};
		E2ED91361C21869A00DE48BA /* Debug */ = {
			isa = XCBuildConfiguration;
			buildSettings = {
				INFOPLIST_FILE = openweatherUITests/Info.plist;
				LD_RUNPATH_SEARCH_PATHS = "$(inherited) @executable_path/Frameworks @loader_path/Frameworks";
				PRODUCT_BUNDLE_IDENTIFIER = com.unagistudio.openweatherUITests;
				PRODUCT_NAME = "$(TARGET_NAME)";
				TEST_TARGET_NAME = openweather;
				USES_XCTRUNNER = YES;
			};
			name = Debug;
		};
		E2ED91371C21869A00DE48BA /* Release */ = {
			isa = XCBuildConfiguration;
			buildSettings = {
				INFOPLIST_FILE = openweatherUITests/Info.plist;
				LD_RUNPATH_SEARCH_PATHS = "$(inherited) @executable_path/Frameworks @loader_path/Frameworks";
				PRODUCT_BUNDLE_IDENTIFIER = com.unagistudio.openweatherUITests;
				PRODUCT_NAME = "$(TARGET_NAME)";
				TEST_TARGET_NAME = openweather;
				USES_XCTRUNNER = YES;
			};
			name = Release;
		};
/* End XCBuildConfiguration section */

/* Begin XCConfigurationList section */
		E26229A51C26BEB200101017 /* Build configuration list for PBXAggregateTarget "mogenerator" */ = {
			isa = XCConfigurationList;
			buildConfigurations = (
				E26229A61C26BEB200101017 /* Debug */,
				E26229A71C26BEB200101017 /* Release */,
			);
			defaultConfigurationIsVisible = 0;
			defaultConfigurationName = Release;
		};
		E2ED90FD1C21869900DE48BA /* Build configuration list for PBXProject "openweather" */ = {
			isa = XCConfigurationList;
			buildConfigurations = (
				E2ED912D1C21869A00DE48BA /* Debug */,
				E2ED912E1C21869A00DE48BA /* Release */,
			);
			defaultConfigurationIsVisible = 0;
			defaultConfigurationName = Release;
		};
		E2ED912F1C21869A00DE48BA /* Build configuration list for PBXNativeTarget "openweather" */ = {
			isa = XCConfigurationList;
			buildConfigurations = (
				E2ED91301C21869A00DE48BA /* Debug */,
				E2ED91311C21869A00DE48BA /* Release */,
			);
			defaultConfigurationIsVisible = 0;
			defaultConfigurationName = Release;
		};
		E2ED91321C21869A00DE48BA /* Build configuration list for PBXNativeTarget "openweatherTests" */ = {
			isa = XCConfigurationList;
			buildConfigurations = (
				E2ED91331C21869A00DE48BA /* Debug */,
				E2ED91341C21869A00DE48BA /* Release */,
			);
			defaultConfigurationIsVisible = 0;
			defaultConfigurationName = Release;
		};
		E2ED91351C21869A00DE48BA /* Build configuration list for PBXNativeTarget "openweatherUITests" */ = {
			isa = XCConfigurationList;
			buildConfigurations = (
				E2ED91361C21869A00DE48BA /* Debug */,
				E2ED91371C21869A00DE48BA /* Release */,
			);
			defaultConfigurationIsVisible = 0;
			defaultConfigurationName = Release;
		};
/* End XCConfigurationList section */

/* Begin XCVersionGroup section */
		E210CB551C248276002B7B2A /* openweather.xcdatamodeld */ = {
			isa = XCVersionGroup;
			children = (
				E210CB561C248276002B7B2A /* openweather.xcdatamodel */,
			);
			currentVersion = E210CB561C248276002B7B2A /* openweather.xcdatamodel */;
			path = openweather.xcdatamodeld;
			sourceTree = "<group>";
			versionGroupType = wrapper.xcdatamodel;
		};
/* End XCVersionGroup section */
	};
	rootObject = E2ED90FA1C21869900DE48BA /* Project object */;
}
